# This file is automatically @generated by Cargo.
# It is not intended for manual editing.
[[package]]
name = "cc"
version = "1.0.59"
source = "registry+https://github.com/rust-lang/crates.io-index"

[[package]]
name = "libc"
version = "0.2.76"
source = "registry+https://github.com/rust-lang/crates.io-index"

[[package]]
name = "mach"
version = "0.3.2"
source = "registry+https://github.com/rust-lang/crates.io-index"
dependencies = [
 "libc 0.2.76 (registry+https://github.com/rust-lang/crates.io-index)",
]

[[package]]
name = "minimp3"
version = "0.5.0"
source = "registry+https://github.com/rust-lang/crates.io-index"
dependencies = [
 "minimp3-sys 0.3.2 (registry+https://github.com/rust-lang/crates.io-index)",
 "slice-deque 0.3.0 (registry+https://github.com/rust-lang/crates.io-index)",
]

[[package]]
name = "minimp3-sys"
version = "0.3.2"
source = "registry+https://github.com/rust-lang/crates.io-index"
dependencies = [
 "cc 1.0.59 (registry+https://github.com/rust-lang/crates.io-index)",
]

[[package]]
name = "slice-deque"
version = "0.3.0"
source = "registry+https://github.com/rust-lang/crates.io-index"
dependencies = [
 "libc 0.2.76 (registry+https://github.com/rust-lang/crates.io-index)",
 "mach 0.3.2 (registry+https://github.com/rust-lang/crates.io-index)",
 "winapi 0.3.9 (registry+https://github.com/rust-lang/crates.io-index)",
]

[[package]]
name = "speed-of-music"
version = "0.1.0"
dependencies = [
 "minimp3 0.5.0 (registry+https://github.com/rust-lang/crates.io-index)",
]

[[package]]
name = "winapi"
version = "0.3.9"
source = "registry+https://github.com/rust-lang/crates.io-index"
dependencies = [
 "winapi-i686-pc-windows-gnu 0.4.0 (registry+https://github.com/rust-lang/crates.io-index)",
 "winapi-x86_64-pc-windows-gnu 0.4.0 (registry+https://github.com/rust-lang/crates.io-index)",
]

[[package]]
name = "winapi-i686-pc-windows-gnu"
version = "0.4.0"
source = "registry+https://github.com/rust-lang/crates.io-index"

[[package]]
name = "winapi-x86_64-pc-windows-gnu"
version = "0.4.0"
source = "registry+https://github.com/rust-lang/crates.io-index"

[metadata]
"checksum cc 1.0.59 (registry+https://github.com/rust-lang/crates.io-index)" = "66120af515773fb005778dc07c261bd201ec8ce50bd6e7144c927753fe013381"
"checksum libc 0.2.76 (registry+https://github.com/rust-lang/crates.io-index)" = "755456fae044e6fa1ebbbd1b3e902ae19e73097ed4ed87bb79934a867c007bc3"
"checksum mach 0.3.2 (registry+https://github.com/rust-lang/crates.io-index)" = "b823e83b2affd8f40a9ee8c29dbc56404c1e34cd2710921f2801e2cf29527afa"
"checksum minimp3 0.5.0 (registry+https://github.com/rust-lang/crates.io-index)" = "9684a8c55935322fdab159b5d7a6163b33f6e7d32c4a8a54fe53d1bcfad738db"
"checksum minimp3-sys 0.3.2 (registry+https://github.com/rust-lang/crates.io-index)" = "e21c73734c69dc95696c9ed8926a2b393171d98b3f5f5935686a26a487ab9b90"
"checksum slice-deque 0.3.0 (registry+https://github.com/rust-lang/crates.io-index)" = "31ef6ee280cdefba6d2d0b4b78a84a1c1a3f3a4cec98c2d4231c8bc225de0f25"
"checksum winapi 0.3.9 (registry+https://github.com/rust-lang/crates.io-index)" = "5c839a674fcd7a98952e593242ea400abe93992746761e38641405d28b00f419"
"checksum winapi-i686-pc-windows-gnu 0.4.0 (registry+https://github.com/rust-lang/crates.io-index)" = "ac3b87c63620426dd9b991e5ce0329eff545bccbbb34f3be09ff6fb6ab51b7b6"
"checksum winapi-x86_64-pc-windows-gnu 0.4.0 (registry+https://github.com/rust-lang/crates.io-index)" = "712e227841d057c1ee1cd2fb22fa7e5a5461ae8e48fa2ca79ec42cfc1931183f"
